# This file is generated by running "yarn install" inside your project.
# Manual changes might be lost - proceed with caution!

__metadata:
  version: 8
  cacheKey: 10c0

"@selderee/plugin-htmlparser2@npm:^0.11.0":
  version: 0.11.0
  resolution: "@selderee/plugin-htmlparser2@npm:0.11.0"
  dependencies:
    domhandler: "npm:^5.0.3"
    selderee: "npm:^0.11.0"
  checksum: 10c0/e938ba9aeb31a9cf30dcb2977ef41685c598bf744bedc88c57aa9e8b7e71b51781695cf99c08aac50773fd7714eba670bd2a079e46db0788abe40c6d220084eb
  languageName: node
  linkType: hard

"@streamparser/json@npm:^0.0.6":
  version: 0.0.6
  resolution: "@streamparser/json@npm:0.0.6"
  checksum: 10c0/09796b615ce199436afdcb529278ce3400a9b18259719b0f220ae36c840d67e8a755f70881e192e23def0c895fcf0c55e43f93221ea9fde75ba26c5acb556690
  languageName: node
  linkType: hard

"@types/html-to-text@npm:^9.0.4":
  version: 9.0.4
  resolution: "@types/html-to-text@npm:9.0.4"
  checksum: 10c0/8e0e548f280d1c1107f70db01ff6331a295f3097f535f4d07c30ced271818fc3803a8f03bb2117c1207c46a3d40da256a03a17bd05fc9f5f1b4821c5bcbf98d8
  languageName: node
  linkType: hard

"@types/json2csv@npm:^5.0.7":
  version: 5.0.7
  resolution: "@types/json2csv@npm:5.0.7"
  dependencies:
    "@types/node": "npm:*"
  checksum: 10c0/cd8cd8fc67b119b83d544595cf46d062caccfb4034a940cf555860a6e383fb79e285a5a954961c85961a64a44bfd838eabb977b00b07f9e670c3c1dd61f2f8bf
  languageName: node
  linkType: hard

"@types/node@npm:*, @types/node@npm:^24.2.1":
  version: 24.2.1
  resolution: "@types/node@npm:24.2.1"
  dependencies:
    undici-types: "npm:~7.10.0"
  checksum: 10c0/439a3c7edf88a298e0c92e46f670234070b892589c3b06e82cc86c47a7e1cf220f4a4b4736ec6ac7e4b9e1c40d7b6d443a1e22f99dd17f13f9dd15de3b32011b
  languageName: node
  linkType: hard

"asynckit@npm:^0.4.0":
  version: 0.4.0
  resolution: "asynckit@npm:0.4.0"
  checksum: 10c0/d73e2ddf20c4eb9337e1b3df1a0f6159481050a5de457c55b14ea2e5cb6d90bb69e004c9af54737a5ee0917fcf2c9e25de67777bbe58261847846066ba75bc9d
  languageName: node
  linkType: hard

"axios@npm:^1.11.0":
  version: 1.11.0
  resolution: "axios@npm:1.11.0"
  dependencies:
    follow-redirects: "npm:^1.15.6"
    form-data: "npm:^4.0.4"
    proxy-from-env: "npm:^1.1.0"
  checksum: 10c0/5de273d33d43058610e4d252f0963cc4f10714da0bfe872e8ef2cbc23c2c999acc300fd357b6bce0fc84a2ca9bd45740fa6bb28199ce2c1266c8b1a393f2b36e
  languageName: node
  linkType: hard

"call-bind-apply-helpers@npm:^1.0.1, call-bind-apply-helpers@npm:^1.0.2":
  version: 1.0.2
  resolution: "call-bind-apply-helpers@npm:1.0.2"
  dependencies:
    es-errors: "npm:^1.3.0"
    function-bind: "npm:^1.1.2"
  checksum: 10c0/47bd9901d57b857590431243fea704ff18078b16890a6b3e021e12d279bbf211d039155e27d7566b374d49ee1f8189344bac9833dec7a20cdec370506361c938
  languageName: node
  linkType: hard

"combined-stream@npm:^1.0.8":
  version: 1.0.8
  resolution: "combined-stream@npm:1.0.8"
  dependencies:
    delayed-stream: "npm:~1.0.0"
  checksum: 10c0/0dbb829577e1b1e839fa82b40c07ffaf7de8a09b935cadd355a73652ae70a88b4320db322f6634a4ad93424292fa80973ac6480986247f1734a1137debf271d5
  languageName: node
  linkType: hard

"commander@npm:^6.2.0":
  version: 6.2.1
  resolution: "commander@npm:6.2.1"
  checksum: 10c0/85748abd9d18c8bc88febed58b98f66b7c591d9b5017cad459565761d7b29ca13b7783ea2ee5ce84bf235897333706c4ce29adf1ce15c8252780e7000e2ce9ea
  languageName: node
  linkType: hard

"date-fns@npm:^4.1.0":
  version: 4.1.0
  resolution: "date-fns@npm:4.1.0"
  checksum: 10c0/b79ff32830e6b7faa009590af6ae0fb8c3fd9ffad46d930548fbb5acf473773b4712ae887e156ba91a7b3dc30591ce0f517d69fd83bd9c38650fdc03b4e0bac8
  languageName: node
  linkType: hard

"deepmerge@npm:^4.3.1":
  version: 4.3.1
  resolution: "deepmerge@npm:4.3.1"
  checksum: 10c0/e53481aaf1aa2c4082b5342be6b6d8ad9dfe387bc92ce197a66dea08bd4265904a087e75e464f14d1347cf2ac8afe1e4c16b266e0561cc5df29382d3c5f80044
  languageName: node
  linkType: hard

"delayed-stream@npm:~1.0.0":
  version: 1.0.0
  resolution: "delayed-stream@npm:1.0.0"
  checksum: 10c0/d758899da03392e6712f042bec80aa293bbe9e9ff1b2634baae6a360113e708b91326594c8a486d475c69d6259afb7efacdc3537bfcda1c6c648e390ce601b19
  languageName: node
  linkType: hard

"dom-serializer@npm:^2.0.0":
  version: 2.0.0
  resolution: "dom-serializer@npm:2.0.0"
  dependencies:
    domelementtype: "npm:^2.3.0"
    domhandler: "npm:^5.0.2"
    entities: "npm:^4.2.0"
  checksum: 10c0/d5ae2b7110ca3746b3643d3ef60ef823f5f078667baf530cec096433f1627ec4b6fa8c072f09d079d7cda915fd2c7bc1b7b935681e9b09e591e1e15f4040b8e2
  languageName: node
  linkType: hard

"domelementtype@npm:^2.3.0":
  version: 2.3.0
  resolution: "domelementtype@npm:2.3.0"
  checksum: 10c0/686f5a9ef0fff078c1412c05db73a0dce096190036f33e400a07e2a4518e9f56b1e324f5c576a0a747ef0e75b5d985c040b0d51945ce780c0dd3c625a18cd8c9
  languageName: node
  linkType: hard

"domhandler@npm:^5.0.2, domhandler@npm:^5.0.3":
  version: 5.0.3
  resolution: "domhandler@npm:5.0.3"
  dependencies:
    domelementtype: "npm:^2.3.0"
  checksum: 10c0/bba1e5932b3e196ad6862286d76adc89a0dbf0c773e5ced1eb01f9af930c50093a084eff14b8de5ea60b895c56a04d5de8bbc4930c5543d029091916770b2d2a
  languageName: node
  linkType: hard

"domutils@npm:^3.0.1":
  version: 3.2.2
  resolution: "domutils@npm:3.2.2"
  dependencies:
    dom-serializer: "npm:^2.0.0"
    domelementtype: "npm:^2.3.0"
    domhandler: "npm:^5.0.3"
  checksum: 10c0/47938f473b987ea71cd59e59626eb8666d3aa8feba5266e45527f3b636c7883cca7e582d901531961f742c519d7514636b7973353b648762b2e3bedbf235fada
  languageName: node
  linkType: hard

"dunder-proto@npm:^1.0.1":
  version: 1.0.1
  resolution: "dunder-proto@npm:1.0.1"
  dependencies:
    call-bind-apply-helpers: "npm:^1.0.1"
    es-errors: "npm:^1.3.0"
    gopd: "npm:^1.2.0"
  checksum: 10c0/199f2a0c1c16593ca0a145dbf76a962f8033ce3129f01284d48c45ed4e14fea9bbacd7b3610b6cdc33486cef20385ac054948fefc6272fcce645c09468f93031
  languageName: node
  linkType: hard

"entities@npm:^4.2.0, entities@npm:^4.4.0":
  version: 4.5.0
  resolution: "entities@npm:4.5.0"
  checksum: 10c0/5b039739f7621f5d1ad996715e53d964035f75ad3b9a4d38c6b3804bb226e282ffeae2443624d8fdd9c47d8e926ae9ac009c54671243f0c3294c26af7cc85250
  languageName: node
  linkType: hard

"es-define-property@npm:^1.0.1":
  version: 1.0.1
  resolution: "es-define-property@npm:1.0.1"
  checksum: 10c0/3f54eb49c16c18707949ff25a1456728c883e81259f045003499efba399c08bad00deebf65cccde8c0e07908c1a225c9d472b7107e558f2a48e28d530e34527c
  languageName: node
  linkType: hard

"es-errors@npm:^1.3.0":
  version: 1.3.0
  resolution: "es-errors@npm:1.3.0"
  checksum: 10c0/0a61325670072f98d8ae3b914edab3559b6caa980f08054a3b872052640d91da01d38df55df797fcc916389d77fc92b8d5906cf028f4db46d7e3003abecbca85
  languageName: node
  linkType: hard

"es-object-atoms@npm:^1.0.0, es-object-atoms@npm:^1.1.1":
  version: 1.1.1
  resolution: "es-object-atoms@npm:1.1.1"
  dependencies:
    es-errors: "npm:^1.3.0"
  checksum: 10c0/65364812ca4daf48eb76e2a3b7a89b3f6a2e62a1c420766ce9f692665a29d94fe41fe88b65f24106f449859549711e4b40d9fb8002d862dfd7eb1c512d10be0c
  languageName: node
  linkType: hard

"es-set-tostringtag@npm:^2.1.0":
  version: 2.1.0
  resolution: "es-set-tostringtag@npm:2.1.0"
  dependencies:
    es-errors: "npm:^1.3.0"
    get-intrinsic: "npm:^1.2.6"
    has-tostringtag: "npm:^1.0.2"
    hasown: "npm:^2.0.2"
  checksum: 10c0/ef2ca9ce49afe3931cb32e35da4dcb6d86ab02592cfc2ce3e49ced199d9d0bb5085fc7e73e06312213765f5efa47cc1df553a6a5154584b21448e9fb8355b1af
  languageName: node
  linkType: hard

"follow-redirects@npm:^1.15.6":
  version: 1.15.11
  resolution: "follow-redirects@npm:1.15.11"
  peerDependenciesMeta:
    debug:
      optional: true
  checksum: 10c0/d301f430542520a54058d4aeeb453233c564aaccac835d29d15e050beb33f339ad67d9bddbce01739c5dc46a6716dbe3d9d0d5134b1ca203effa11a7ef092343
  languageName: node
  linkType: hard

"form-data@npm:^4.0.4":
  version: 4.0.4
  resolution: "form-data@npm:4.0.4"
  dependencies:
    asynckit: "npm:^0.4.0"
    combined-stream: "npm:^1.0.8"
    es-set-tostringtag: "npm:^2.1.0"
    hasown: "npm:^2.0.2"
    mime-types: "npm:^2.1.12"
  checksum: 10c0/373525a9a034b9d57073e55eab79e501a714ffac02e7a9b01be1c820780652b16e4101819785e1e18f8d98f0aee866cc654d660a435c378e16a72f2e7cac9695
  languageName: node
  linkType: hard

"function-bind@npm:^1.1.2":
  version: 1.1.2
  resolution: "function-bind@npm:1.1.2"
  checksum: 10c0/d8680ee1e5fcd4c197e4ac33b2b4dce03c71f4d91717292785703db200f5c21f977c568d28061226f9b5900cbcd2c84463646134fd5337e7925e0942bc3f46d5
  languageName: node
  linkType: hard

"get-intrinsic@npm:^1.2.6":
  version: 1.3.0
  resolution: "get-intrinsic@npm:1.3.0"
  dependencies:
    call-bind-apply-helpers: "npm:^1.0.2"
    es-define-property: "npm:^1.0.1"
    es-errors: "npm:^1.3.0"
    es-object-atoms: "npm:^1.1.1"
    function-bind: "npm:^1.1.2"
    get-proto: "npm:^1.0.1"
    gopd: "npm:^1.2.0"
    has-symbols: "npm:^1.1.0"
    hasown: "npm:^2.0.2"
    math-intrinsics: "npm:^1.1.0"
  checksum: 10c0/52c81808af9a8130f581e6a6a83e1ba4a9f703359e7a438d1369a5267a25412322f03dcbd7c549edaef0b6214a0630a28511d7df0130c93cfd380f4fa0b5b66a
  languageName: node
  linkType: hard

"get-proto@npm:^1.0.1":
  version: 1.0.1
  resolution: "get-proto@npm:1.0.1"
  dependencies:
    dunder-proto: "npm:^1.0.1"
    es-object-atoms: "npm:^1.0.0"
  checksum: 10c0/9224acb44603c5526955e83510b9da41baf6ae73f7398875fba50edc5e944223a89c4a72b070fcd78beb5f7bdda58ecb6294adc28f7acfc0da05f76a2399643c
  languageName: node
  linkType: hard

"gopd@npm:^1.2.0":
  version: 1.2.0
  resolution: "gopd@npm:1.2.0"
  checksum: 10c0/50fff1e04ba2b7737c097358534eacadad1e68d24cccee3272e04e007bed008e68d2614f3987788428fd192a5ae3889d08fb2331417e4fc4a9ab366b2043cead
  languageName: node
  linkType: hard

"has-symbols@npm:^1.0.3, has-symbols@npm:^1.1.0":
  version: 1.1.0
  resolution: "has-symbols@npm:1.1.0"
  checksum: 10c0/dde0a734b17ae51e84b10986e651c664379018d10b91b6b0e9b293eddb32f0f069688c841fb40f19e9611546130153e0a2a48fd7f512891fb000ddfa36f5a20e
  languageName: node
  linkType: hard

"has-tostringtag@npm:^1.0.2":
  version: 1.0.2
  resolution: "has-tostringtag@npm:1.0.2"
  dependencies:
    has-symbols: "npm:^1.0.3"
  checksum: 10c0/a8b166462192bafe3d9b6e420a1d581d93dd867adb61be223a17a8d6dad147aa77a8be32c961bb2f27b3ef893cae8d36f564ab651f5e9b7938ae86f74027c48c
  languageName: node
  linkType: hard

"hasown@npm:^2.0.2":
  version: 2.0.2
  resolution: "hasown@npm:2.0.2"
  dependencies:
    function-bind: "npm:^1.1.2"
  checksum: 10c0/3769d434703b8ac66b209a4cca0737519925bbdb61dd887f93a16372b14694c63ff4e797686d87c90f08168e81082248b9b028bad60d4da9e0d1148766f56eb9
  languageName: node
  linkType: hard

"html-to-text@npm:^9.0.5":
  version: 9.0.5
  resolution: "html-to-text@npm:9.0.5"
  dependencies:
    "@selderee/plugin-htmlparser2": "npm:^0.11.0"
    deepmerge: "npm:^4.3.1"
    dom-serializer: "npm:^2.0.0"
    htmlparser2: "npm:^8.0.2"
    selderee: "npm:^0.11.0"
  checksum: 10c0/5d2c77b798cf88a81b1da2fc1ea1a3b3e2ff49fe5a3d812392f802fff18ec315cf0969bd7846ef2eb7df8c37f463bc63e8cbdcf84e42696c6f3e15dfa61cdf4f
  languageName: node
  linkType: hard

"htmlparser2@npm:^8.0.2":
  version: 8.0.2
  resolution: "htmlparser2@npm:8.0.2"
  dependencies:
    domelementtype: "npm:^2.3.0"
    domhandler: "npm:^5.0.3"
    domutils: "npm:^3.0.1"
    entities: "npm:^4.4.0"
  checksum: 10c0/609cca85886d0bf2c9a5db8c6926a89f3764596877492e2caa7a25a789af4065bc6ee2cdc81807fe6b1d03a87bf8a373b5a754528a4cc05146b713c20575aab4
  languageName: node
  linkType: hard

"json2csv@npm:^6.0.0-alpha.2":
  version: 6.0.0-alpha.2
  resolution: "json2csv@npm:6.0.0-alpha.2"
  dependencies:
    "@streamparser/json": "npm:^0.0.6"
    commander: "npm:^6.2.0"
    lodash.get: "npm:^4.4.2"
  bin:
    json2csv: bin/json2csv.js
  checksum: 10c0/9d239a9dc6e7983832b75ebd98b77d891d2488613d964a0f519632560584e9b9f845ef879ad9014c7badff48f1f87ef4c285fe031719d0bebd9b8a58a3f0c25c
  languageName: node
  linkType: hard

"leac@npm:^0.6.0":
  version: 0.6.0
  resolution: "leac@npm:0.6.0"
  checksum: 10c0/5257781e10791ef8462eb1cbe5e48e3cda7692486f2a775265d6f5216cc088960c62f138163b8df0dcf2119d18673bfe7b050d6b41543d92a7b7ac90e4eb1e8b
  languageName: node
  linkType: hard

"lodash.get@npm:^4.4.2":
  version: 4.4.2
  resolution: "lodash.get@npm:4.4.2"
  checksum: 10c0/48f40d471a1654397ed41685495acb31498d5ed696185ac8973daef424a749ca0c7871bf7b665d5c14f5cc479394479e0307e781f61d5573831769593411be6e
  languageName: node
  linkType: hard

"math-intrinsics@npm:^1.1.0":
  version: 1.1.0
  resolution: "math-intrinsics@npm:1.1.0"
  checksum: 10c0/7579ff94e899e2f76ab64491d76cf606274c874d8f2af4a442c016bd85688927fcfca157ba6bf74b08e9439dc010b248ce05b96cc7c126a354c3bae7fcb48b7f
  languageName: node
  linkType: hard

"mime-db@npm:1.52.0":
  version: 1.52.0
  resolution: "mime-db@npm:1.52.0"
  checksum: 10c0/0557a01deebf45ac5f5777fe7740b2a5c309c6d62d40ceab4e23da9f821899ce7a900b7ac8157d4548ddbb7beffe9abc621250e6d182b0397ec7f10c7b91a5aa
  languageName: node
  linkType: hard

"mime-types@npm:^2.1.12":
  version: 2.1.35
  resolution: "mime-types@npm:2.1.35"
  dependencies:
    mime-db: "npm:1.52.0"
  checksum: 10c0/82fb07ec56d8ff1fc999a84f2f217aa46cb6ed1033fefaabd5785b9a974ed225c90dc72fff460259e66b95b73648596dbcc50d51ed69cdf464af2d237d3149b2
  languageName: node
  linkType: hard

"openai@npm:^5.16.0":
  version: 5.16.0
  resolution: "openai@npm:5.16.0"
  peerDependencies:
    ws: ^8.18.0
    zod: ^3.23.8
  peerDependenciesMeta:
    ws:
      optional: true
    zod:
      optional: true
  bin:
    openai: bin/cli
  checksum: 10c0/4ddd3292ed9ff5991de9f12b765c977efdfe9fdb6f3f7c01eef13ef927d0300b2c6cf0c9379a36c522353a7bacf07e8bdf5ff9ab7a3e5a5f839e0b741e9a86cf
  languageName: node
  linkType: hard

"parseley@npm:^0.12.0":
  version: 0.12.1
  resolution: "parseley@npm:0.12.1"
  dependencies:
    leac: "npm:^0.6.0"
    peberminta: "npm:^0.9.0"
  checksum: 10c0/df3de74172b72305b867298a71e5882c413df75d30f2bafb5fb70779dfd349c5e4db03441fbf8ca83da8e4aa72bd0ef2b5c73086c4825d27d1c649d61bc0bcc0
  languageName: node
  linkType: hard

"peberminta@npm:^0.9.0":
  version: 0.9.0
  resolution: "peberminta@npm:0.9.0"
  checksum: 10c0/59c2c39269d9f7f559cf44582f1c0503524c6a9bc3478e0309adba2b41c71ab98745a239a4e6f98f46105291256e6d8f12ae9860d9f016b1c9a6f52c0b63bfe7
  languageName: node
  linkType: hard

"proxy-from-env@npm:^1.1.0":
  version: 1.1.0
  resolution: "proxy-from-env@npm:1.1.0"
  checksum: 10c0/fe7dd8b1bdbbbea18d1459107729c3e4a2243ca870d26d34c2c1bcd3e4425b7bcc5112362df2d93cc7fb9746f6142b5e272fd1cc5c86ddf8580175186f6ad42b
  languageName: node
  linkType: hard

"rss-feeds@workspace:.":
  version: 0.0.0-use.local
  resolution: "rss-feeds@workspace:."
  dependencies:
    "@types/html-to-text": "npm:^9.0.4"
    "@types/json2csv": "npm:^5.0.7"
    "@types/node": "npm:^24.2.1"
    axios: "npm:^1.11.0"
    date-fns: "npm:^4.1.0"
    html-to-text: "npm:^9.0.5"
    json2csv: "npm:^6.0.0-alpha.2"
    openai: "npm:^5.16.0"
    typescript: "npm:^5.9.2"
  languageName: unknown
  linkType: soft

"selderee@npm:^0.11.0":
  version: 0.11.0
  resolution: "selderee@npm:0.11.0"
  dependencies:
    parseley: "npm:^0.12.0"
  checksum: 10c0/c2ad8313a0dbf3c0b74752a8d03cfbc0931ae77a36679cdb64733eb732c1762f95a5174249bf7e8b8103874cb0e013a030f9c8b72f5d41e62f1d847d4a845d39
  languageName: node
  linkType: hard

"typescript@npm:^5.9.2":
  version: 5.9.2
  resolution: "typescript@npm:5.9.2"
  bin:
    tsc: bin/tsc
    tsserver: bin/tsserver
  checksum: 10c0/cd635d50f02d6cf98ed42de2f76289701c1ec587a363369255f01ed15aaf22be0813226bff3c53e99d971f9b540e0b3cc7583dbe05faded49b1b0bed2f638a18
  languageName: node
  linkType: hard

"typescript@patch:typescript@npm%3A^5.9.2#optional!builtin<compat/typescript>":
  version: 5.9.2
  resolution: "typescript@patch:typescript@npm%3A5.9.2#optional!builtin<compat/typescript>::version=5.9.2&hash=5786d5"
  bin:
    tsc: bin/tsc
    tsserver: bin/tsserver
  checksum: 10c0/34d2a8e23eb8e0d1875072064d5e1d9c102e0bdce56a10a25c0b917b8aa9001a9cf5c225df12497e99da107dc379360bc138163c66b55b95f5b105b50578067e
  languageName: node
  linkType: hard

"undici-types@npm:~7.10.0":
  version: 7.10.0
  resolution: "undici-types@npm:7.10.0"
  checksum: 10c0/8b00ce50e235fe3cc601307f148b5e8fb427092ee3b23e8118ec0a5d7f68eca8cee468c8fc9f15cbb2cf2a3797945ebceb1cbd9732306a1d00e0a9b6afa0f635
  languageName: node
  linkType: hard
